# THIS IS AN AUTOGENERATED FILE. DO NOT EDIT THIS FILE DIRECTLY.
# yarn lockfile v1


asciidoctor-cli@^1.5.2-alpha.3:
  version "1.5.2-alpha.3"
  resolved "https://registry.yarnpkg.com/asciidoctor-cli/-/asciidoctor-cli-1.5.2-alpha.3.tgz#2a1f1aa6a9dc0bd395023d0591b4191a31922138"
  dependencies:
    asciidoctor.js "1.5.2"
    cli "^0.6.5"
    mkdirp "^0.5.0"

asciidoctor.js@1.5.2:
  version "1.5.2"
  resolved "https://registry.yarnpkg.com/asciidoctor.js/-/asciidoctor.js-1.5.2.tgz#db84048fb0a7c0f3c0e04e3331939e50ec55f81f"
  dependencies:
    opal-npm-wrapper "git://github.com/anthonny/opal-npm-wrapper.git#0.1.1"
    xmlhttprequest "~1.6.0"

asciidoctor.js@^1.5.4:
  version "1.5.4"
  resolved "https://registry.yarnpkg.com/asciidoctor.js/-/asciidoctor.js-1.5.4.tgz#d8d69f26852e595fcb204bebf6296fe2b807e62f"
  dependencies:
    opal-npm-wrapper "^0.9.0-beta2"
    xmlhttprequest "~1.7.0"

cli@^0.6.5:
  version "0.6.6"
  resolved "https://registry.yarnpkg.com/cli/-/cli-0.6.6.tgz#02ad44a380abf27adac5e6f0cdd7b043d74c53e3"
  dependencies:
    exit "0.1.2"
    glob "~ 3.2.1"

exit@0.1.2:
  version "0.1.2"
  resolved "https://registry.yarnpkg.com/exit/-/exit-0.1.2.tgz#0632638f8d877cc82107d30a0fff1a17cba1cd0c"

"glob@~ 3.2.1":
  version "3.2.11"
  resolved "https://registry.yarnpkg.com/glob/-/glob-3.2.11.tgz#4a973f635b9190f715d10987d5c00fd2815ebe3d"
  dependencies:
    inherits "2"
    minimatch "0.3"

inherits@2:
  version "2.0.3"
  resolved "https://registry.yarnpkg.com/inherits/-/inherits-2.0.3.tgz#633c2c83e3da42a502f52466022480f4208261de"

lru-cache@2:
  version "2.7.3"
  resolved "https://registry.yarnpkg.com/lru-cache/-/lru-cache-2.7.3.tgz#6d4524e8b955f95d4f5b58851ce21dd72fb4e952"

minimatch@0.3:
  version "0.3.0"
  resolved "https://registry.yarnpkg.com/minimatch/-/minimatch-0.3.0.tgz#275d8edaac4f1bb3326472089e7949c8394699dd"
  dependencies:
    lru-cache "2"
    sigmund "~1.0.0"

minimist@0.0.8:
  version "0.0.8"
  resolved "https://registry.yarnpkg.com/minimist/-/minimist-0.0.8.tgz#857fcabfc3397d2625b8228262e86aa7a011b05d"

mkdirp@^0.5.0:
  version "0.5.1"
  resolved "https://registry.yarnpkg.com/mkdirp/-/mkdirp-0.5.1.tgz#30057438eac6cf7f8c4767f38648d6697d75c903"
  dependencies:
    minimist "0.0.8"

opal-npm-wrapper@^0.9.0-beta2:
  version "0.9.2"
  resolved "https://registry.yarnpkg.com/opal-npm-wrapper/-/opal-npm-wrapper-0.9.2.tgz#99d178579b571384c97627d6184708fbb0887498"

"opal-npm-wrapper@git://github.com/anthonny/opal-npm-wrapper.git#0.1.1":
  version "0.1.1"
  resolved "git://github.com/anthonny/opal-npm-wrapper.git#b56048584b3cf2cfebeef78b0fff54690e12e684"

sigmund@~1.0.0:
  version "1.0.1"
  resolved "https://registry.yarnpkg.com/sigmund/-/sigmund-1.0.1.tgz#3ff21f198cad2175f9f3b781853fd94d0d19b590"

xmlhttprequest@~1.6.0:
  version "1.6.0"
  resolved "https://registry.yarnpkg.com/xmlhttprequest/-/xmlhttprequest-1.6.0.tgz#493d285f59266fdcb8d4fefd25345a7b693c966c"

xmlhttprequest@~1.7.0:
  version "1.7.0"
  resolved "https://registry.yarnpkg.com/xmlhttprequest/-/xmlhttprequest-1.7.0.tgz#dc697a8df0258afacad526c1c296b1bdd12c4ab3"
